
Microsoft Visual Studio Solution File, Format Version 12.00
# Visual Studio Version 16
VisualStudioVersion = 16.0.32002.261
MinimumVisualStudioVersion = 10.0.40219.1
Project("{FAE04EC0-301F-11D3-BF4B-00C04F79EFBC}") = "yazilimmimarisi", "yazilimmimarisi\yazilimmimarisi.csproj", "{122C9F59-C800-4128-8E36-C3790B130DEB}"
EndProject
Global
	GlobalSection(SolutionConfigurationPlatforms) = preSolution
		Debug|Any CPU = Debug|Any CPU
		Release|Any CPU = Release|Any CPU
	EndGlobalSection
	GlobalSection(ProjectConfigurationPlatforms) = postSolution
		{122C9F59-C800-4128-8E36-C3790B130DEB}.Debug|Any CPU.ActiveCfg = Debug|Any CPU
		{122C9F59-C800-4128-8E36-C3790B130DEB}.Debug|Any CPU.Build.0 = Debug|Any CPU
		{122C9F59-C800-4128-8E36-C3790B130DEB}.Release|Any CPU.ActiveCfg = Release|Any CPU
		{122C9F59-C800-4128-8E36-C3790B130DEB}.Release|Any CPU.Build.0 = Release|Any CPU
	EndGlobalSection
	GlobalSection(SolutionProperties) = preSolution
		HideSolutionNode = FALSE
	EndGlobalSection
	GlobalSection(ExtensibilityGlobals) = postSolution
		SolutionGuid = {0E474C32-90E1-4E2C-9620-956DF12BDD46}
	EndGlobalSection
EndGlobal
